
Microsoft Visual Studio Solution File, Format Version 12.00
# Visual Studio 14
VisualStudioVersion = 14.0.24720.0
MinimumVisualStudioVersion = 10.0.40219.1
Project("{FAE04EC0-301F-11D3-BF4B-00C04F79EFBC}") = "Client", "Client\Client.csproj", "{56E19FF7-9AC7-48C5-9AC2-105F55AA16E1}"
EndProject
Project("{FAE04EC0-301F-11D3-BF4B-00C04F79EFBC}") = "Tests", "Tests\Tests.csproj", "{7952E97C-2C7E-424B-A912-ED875576CA92}"
EndProject
Project("{FAE04EC0-301F-11D3-BF4B-00C04F79EFBC}") = "Server", "Server\Server.csproj", "{EE709C23-849D-43C5-9F47-0B8D8DDB43D8}"
EndProject
Project("{FAE04EC0-301F-11D3-BF4B-00C04F79EFBC}") = "Core", "Core\Core.csproj", "{B7534554-AB6C-44AC-BF34-424DBE596216}"
EndProject
Project("{FAE04EC0-301F-11D3-BF4B-00C04F79EFBC}") = "Server.Owin", "Server.Owin\Server.Owin.csproj", "{DAA0A504-7ED7-4906-9D6B-FB566AE47084}"
EndProject
Global
	GlobalSection(SolutionConfigurationPlatforms) = preSolution
		Debug|Any CPU = Debug|Any CPU
		Release|Any CPU = Release|Any CPU
		Test|Any CPU = Test|Any CPU
	EndGlobalSection
	GlobalSection(ProjectConfigurationPlatforms) = postSolution
		{56E19FF7-9AC7-48C5-9AC2-105F55AA16E1}.Debug|Any CPU.ActiveCfg = Debug|Any CPU
		{56E19FF7-9AC7-48C5-9AC2-105F55AA16E1}.Debug|Any CPU.Build.0 = Debug|Any CPU
		{56E19FF7-9AC7-48C5-9AC2-105F55AA16E1}.Release|Any CPU.ActiveCfg = Release|Any CPU
		{56E19FF7-9AC7-48C5-9AC2-105F55AA16E1}.Release|Any CPU.Build.0 = Release|Any CPU
		{56E19FF7-9AC7-48C5-9AC2-105F55AA16E1}.Test|Any CPU.ActiveCfg = Test|Any CPU
		{56E19FF7-9AC7-48C5-9AC2-105F55AA16E1}.Test|Any CPU.Build.0 = Test|Any CPU
		{7952E97C-2C7E-424B-A912-ED875576CA92}.Debug|Any CPU.ActiveCfg = Debug|Any CPU
		{7952E97C-2C7E-424B-A912-ED875576CA92}.Debug|Any CPU.Build.0 = Debug|Any CPU
		{7952E97C-2C7E-424B-A912-ED875576CA92}.Release|Any CPU.ActiveCfg = Release|Any CPU
		{7952E97C-2C7E-424B-A912-ED875576CA92}.Release|Any CPU.Build.0 = Release|Any CPU
		{7952E97C-2C7E-424B-A912-ED875576CA92}.Test|Any CPU.ActiveCfg = Test|Any CPU
		{7952E97C-2C7E-424B-A912-ED875576CA92}.Test|Any CPU.Build.0 = Test|Any CPU
		{EE709C23-849D-43C5-9F47-0B8D8DDB43D8}.Debug|Any CPU.ActiveCfg = Debug|Any CPU
		{EE709C23-849D-43C5-9F47-0B8D8DDB43D8}.Debug|Any CPU.Build.0 = Debug|Any CPU
		{EE709C23-849D-43C5-9F47-0B8D8DDB43D8}.Release|Any CPU.ActiveCfg = Release|Any CPU
		{EE709C23-849D-43C5-9F47-0B8D8DDB43D8}.Release|Any CPU.Build.0 = Release|Any CPU
		{EE709C23-849D-43C5-9F47-0B8D8DDB43D8}.Test|Any CPU.ActiveCfg = Test|Any CPU
		{EE709C23-849D-43C5-9F47-0B8D8DDB43D8}.Test|Any CPU.Build.0 = Test|Any CPU
		{B7534554-AB6C-44AC-BF34-424DBE596216}.Debug|Any CPU.ActiveCfg = Debug|Any CPU
		{B7534554-AB6C-44AC-BF34-424DBE596216}.Debug|Any CPU.Build.0 = Debug|Any CPU
		{B7534554-AB6C-44AC-BF34-424DBE596216}.Release|Any CPU.ActiveCfg = Release|Any CPU
		{B7534554-AB6C-44AC-BF34-424DBE596216}.Release|Any CPU.Build.0 = Release|Any CPU
		{B7534554-AB6C-44AC-BF34-424DBE596216}.Test|Any CPU.ActiveCfg = Test|Any CPU
		{B7534554-AB6C-44AC-BF34-424DBE596216}.Test|Any CPU.Build.0 = Test|Any CPU
		{DAA0A504-7ED7-4906-9D6B-FB566AE47084}.Debug|Any CPU.ActiveCfg = Debug|Any CPU
		{DAA0A504-7ED7-4906-9D6B-FB566AE47084}.Debug|Any CPU.Build.0 = Debug|Any CPU
		{DAA0A504-7ED7-4906-9D6B-FB566AE47084}.Release|Any CPU.ActiveCfg = Release|Any CPU
		{DAA0A504-7ED7-4906-9D6B-FB566AE47084}.Release|Any CPU.Build.0 = Release|Any CPU
		{DAA0A504-7ED7-4906-9D6B-FB566AE47084}.Test|Any CPU.ActiveCfg = Test|Any CPU
		{DAA0A504-7ED7-4906-9D6B-FB566AE47084}.Test|Any CPU.Build.0 = Test|Any CPU
	EndGlobalSection
	GlobalSection(SolutionProperties) = preSolution
		HideSolutionNode = FALSE
	EndGlobalSection
EndGlobal
