
Microsoft Visual Studio Solution File, Format Version 12.00
# Visual Studio 14
VisualStudioVersion = 14.0.25420.1
MinimumVisualStudioVersion = 10.0.40219.1
Project("{FAE04EC0-301F-11D3-BF4B-00C04F79EFBC}") = "Client", "Client\Client.csproj", "{56E19FF7-9AC7-48C5-9AC2-105F55AA16E1}"
EndProject
Project("{FAE04EC0-301F-11D3-BF4B-00C04F79EFBC}") = "Tests", "Tests\Tests.csproj", "{7952E97C-2C7E-424B-A912-ED875576CA92}"
EndProject
Project("{FAE04EC0-301F-11D3-BF4B-00C04F79EFBC}") = "Server", "Server\Server.csproj", "{EE709C23-849D-43C5-9F47-0B8D8DDB43D8}"
EndProject
Project("{FAE04EC0-301F-11D3-BF4B-00C04F79EFBC}") = "Core", "Core\Core.csproj", "{B7534554-AB6C-44AC-BF34-424DBE596216}"
EndProject
Project("{FAE04EC0-301F-11D3-BF4B-00C04F79EFBC}") = "Server.Owin", "Server.Owin\Server.Owin.csproj", "{DAA0A504-7ED7-4906-9D6B-FB566AE47084}"
EndProject
Project("{2150E333-8FDC-42A3-9474-1A3956D46DE8}") = "Solution Items", "Solution Items", "{977C3F06-2918-4747-8658-8B7C9B31E8C2}"
	ProjectSection(SolutionItems) = preProject
		StrongKey.snk = StrongKey.snk
	EndProjectSection
EndProject
Project("{FAE04EC0-301F-11D3-BF4B-00C04F79EFBC}") = "Client.StrongName", "Client\Client.StrongName.csproj", "{FF00D5E5-9581-4047-A5EE-CB968A567EE2}"
EndProject
Project("{2150E333-8FDC-42A3-9474-1A3956D46DE8}") = "StrongNamed", "StrongNamed", "{33FDEBCE-A3CE-473E-B246-D561355046ED}"
EndProject
Project("{FAE04EC0-301F-11D3-BF4B-00C04F79EFBC}") = "Core.StrongName", "Core\Core.StrongName.csproj", "{2EF04E20-6CD8-420D-BAC4-192ECD3F9AD5}"
EndProject
Project("{FAE04EC0-301F-11D3-BF4B-00C04F79EFBC}") = "Server.StrongName", "Server\Server.StrongName.csproj", "{297AC86E-3B54-4E76-A4EA-A5BF1E730D6F}"
EndProject
Project("{FAE04EC0-301F-11D3-BF4B-00C04F79EFBC}") = "Server.Owin.StrongName", "Server.Owin\Server.Owin.StrongName.csproj", "{AA0CD548-E262-44AB-9AA2-A7ADA6998C99}"
EndProject
Project("{FAE04EC0-301F-11D3-BF4B-00C04F79EFBC}") = "Tests.StrongName", "Tests\Tests.StrongName.csproj", "{F390EA4F-93FD-4D14-9D24-DC3152537DD1}"
EndProject
Global
	GlobalSection(SolutionConfigurationPlatforms) = preSolution
		Debug|Any CPU = Debug|Any CPU
		Release|Any CPU = Release|Any CPU
		Staging|Any CPU = Staging|Any CPU
		Test|Any CPU = Test|Any CPU
	EndGlobalSection
	GlobalSection(ProjectConfigurationPlatforms) = postSolution
		{56E19FF7-9AC7-48C5-9AC2-105F55AA16E1}.Debug|Any CPU.ActiveCfg = Debug|Any CPU
		{56E19FF7-9AC7-48C5-9AC2-105F55AA16E1}.Debug|Any CPU.Build.0 = Debug|Any CPU
		{56E19FF7-9AC7-48C5-9AC2-105F55AA16E1}.Release|Any CPU.ActiveCfg = Release|Any CPU
		{56E19FF7-9AC7-48C5-9AC2-105F55AA16E1}.Release|Any CPU.Build.0 = Release|Any CPU
		{56E19FF7-9AC7-48C5-9AC2-105F55AA16E1}.Staging|Any CPU.ActiveCfg = Staging|Any CPU
		{56E19FF7-9AC7-48C5-9AC2-105F55AA16E1}.Staging|Any CPU.Build.0 = Staging|Any CPU
		{56E19FF7-9AC7-48C5-9AC2-105F55AA16E1}.Test|Any CPU.ActiveCfg = Test|Any CPU
		{56E19FF7-9AC7-48C5-9AC2-105F55AA16E1}.Test|Any CPU.Build.0 = Test|Any CPU
		{7952E97C-2C7E-424B-A912-ED875576CA92}.Debug|Any CPU.ActiveCfg = Debug|Any CPU
		{7952E97C-2C7E-424B-A912-ED875576CA92}.Debug|Any CPU.Build.0 = Debug|Any CPU
		{7952E97C-2C7E-424B-A912-ED875576CA92}.Release|Any CPU.ActiveCfg = Release|Any CPU
		{7952E97C-2C7E-424B-A912-ED875576CA92}.Release|Any CPU.Build.0 = Release|Any CPU
		{7952E97C-2C7E-424B-A912-ED875576CA92}.Staging|Any CPU.ActiveCfg = Staging|Any CPU
		{7952E97C-2C7E-424B-A912-ED875576CA92}.Staging|Any CPU.Build.0 = Staging|Any CPU
		{7952E97C-2C7E-424B-A912-ED875576CA92}.Test|Any CPU.ActiveCfg = Test|Any CPU
		{7952E97C-2C7E-424B-A912-ED875576CA92}.Test|Any CPU.Build.0 = Test|Any CPU
		{EE709C23-849D-43C5-9F47-0B8D8DDB43D8}.Debug|Any CPU.ActiveCfg = Debug|Any CPU
		{EE709C23-849D-43C5-9F47-0B8D8DDB43D8}.Debug|Any CPU.Build.0 = Debug|Any CPU
		{EE709C23-849D-43C5-9F47-0B8D8DDB43D8}.Release|Any CPU.ActiveCfg = Release|Any CPU
		{EE709C23-849D-43C5-9F47-0B8D8DDB43D8}.Release|Any CPU.Build.0 = Release|Any CPU
		{EE709C23-849D-43C5-9F47-0B8D8DDB43D8}.Staging|Any CPU.ActiveCfg = Staging|Any CPU
		{EE709C23-849D-43C5-9F47-0B8D8DDB43D8}.Staging|Any CPU.Build.0 = Staging|Any CPU
		{EE709C23-849D-43C5-9F47-0B8D8DDB43D8}.Test|Any CPU.ActiveCfg = Test|Any CPU
		{EE709C23-849D-43C5-9F47-0B8D8DDB43D8}.Test|Any CPU.Build.0 = Test|Any CPU
		{B7534554-AB6C-44AC-BF34-424DBE596216}.Debug|Any CPU.ActiveCfg = Debug|Any CPU
		{B7534554-AB6C-44AC-BF34-424DBE596216}.Debug|Any CPU.Build.0 = Debug|Any CPU
		{B7534554-AB6C-44AC-BF34-424DBE596216}.Release|Any CPU.ActiveCfg = Release|Any CPU
		{B7534554-AB6C-44AC-BF34-424DBE596216}.Release|Any CPU.Build.0 = Release|Any CPU
		{B7534554-AB6C-44AC-BF34-424DBE596216}.Staging|Any CPU.ActiveCfg = Staging|Any CPU
		{B7534554-AB6C-44AC-BF34-424DBE596216}.Staging|Any CPU.Build.0 = Staging|Any CPU
		{B7534554-AB6C-44AC-BF34-424DBE596216}.Test|Any CPU.ActiveCfg = Test|Any CPU
		{B7534554-AB6C-44AC-BF34-424DBE596216}.Test|Any CPU.Build.0 = Test|Any CPU
		{DAA0A504-7ED7-4906-9D6B-FB566AE47084}.Debug|Any CPU.ActiveCfg = Debug|Any CPU
		{DAA0A504-7ED7-4906-9D6B-FB566AE47084}.Debug|Any CPU.Build.0 = Debug|Any CPU
		{DAA0A504-7ED7-4906-9D6B-FB566AE47084}.Release|Any CPU.ActiveCfg = Release|Any CPU
		{DAA0A504-7ED7-4906-9D6B-FB566AE47084}.Release|Any CPU.Build.0 = Release|Any CPU
		{DAA0A504-7ED7-4906-9D6B-FB566AE47084}.Staging|Any CPU.ActiveCfg = Staging|Any CPU
		{DAA0A504-7ED7-4906-9D6B-FB566AE47084}.Staging|Any CPU.Build.0 = Staging|Any CPU
		{DAA0A504-7ED7-4906-9D6B-FB566AE47084}.Test|Any CPU.ActiveCfg = Test|Any CPU
		{DAA0A504-7ED7-4906-9D6B-FB566AE47084}.Test|Any CPU.Build.0 = Test|Any CPU
		{FF00D5E5-9581-4047-A5EE-CB968A567EE2}.Debug|Any CPU.ActiveCfg = Debug|Any CPU
		{FF00D5E5-9581-4047-A5EE-CB968A567EE2}.Debug|Any CPU.Build.0 = Debug|Any CPU
		{FF00D5E5-9581-4047-A5EE-CB968A567EE2}.Release|Any CPU.ActiveCfg = Release|Any CPU
		{FF00D5E5-9581-4047-A5EE-CB968A567EE2}.Release|Any CPU.Build.0 = Release|Any CPU
		{FF00D5E5-9581-4047-A5EE-CB968A567EE2}.Staging|Any CPU.ActiveCfg = Staging|Any CPU
		{FF00D5E5-9581-4047-A5EE-CB968A567EE2}.Staging|Any CPU.Build.0 = Staging|Any CPU
		{FF00D5E5-9581-4047-A5EE-CB968A567EE2}.Test|Any CPU.ActiveCfg = Test|Any CPU
		{FF00D5E5-9581-4047-A5EE-CB968A567EE2}.Test|Any CPU.Build.0 = Test|Any CPU
		{2EF04E20-6CD8-420D-BAC4-192ECD3F9AD5}.Debug|Any CPU.ActiveCfg = Debug|Any CPU
		{2EF04E20-6CD8-420D-BAC4-192ECD3F9AD5}.Debug|Any CPU.Build.0 = Debug|Any CPU
		{2EF04E20-6CD8-420D-BAC4-192ECD3F9AD5}.Release|Any CPU.ActiveCfg = Release|Any CPU
		{2EF04E20-6CD8-420D-BAC4-192ECD3F9AD5}.Release|Any CPU.Build.0 = Release|Any CPU
		{2EF04E20-6CD8-420D-BAC4-192ECD3F9AD5}.Staging|Any CPU.ActiveCfg = Staging|Any CPU
		{2EF04E20-6CD8-420D-BAC4-192ECD3F9AD5}.Staging|Any CPU.Build.0 = Staging|Any CPU
		{2EF04E20-6CD8-420D-BAC4-192ECD3F9AD5}.Test|Any CPU.ActiveCfg = Test|Any CPU
		{2EF04E20-6CD8-420D-BAC4-192ECD3F9AD5}.Test|Any CPU.Build.0 = Test|Any CPU
		{297AC86E-3B54-4E76-A4EA-A5BF1E730D6F}.Debug|Any CPU.ActiveCfg = Debug|Any CPU
		{297AC86E-3B54-4E76-A4EA-A5BF1E730D6F}.Debug|Any CPU.Build.0 = Debug|Any CPU
		{297AC86E-3B54-4E76-A4EA-A5BF1E730D6F}.Release|Any CPU.ActiveCfg = Release|Any CPU
		{297AC86E-3B54-4E76-A4EA-A5BF1E730D6F}.Release|Any CPU.Build.0 = Release|Any CPU
		{297AC86E-3B54-4E76-A4EA-A5BF1E730D6F}.Staging|Any CPU.ActiveCfg = Staging|Any CPU
		{297AC86E-3B54-4E76-A4EA-A5BF1E730D6F}.Staging|Any CPU.Build.0 = Staging|Any CPU
		{297AC86E-3B54-4E76-A4EA-A5BF1E730D6F}.Test|Any CPU.ActiveCfg = Test|Any CPU
		{297AC86E-3B54-4E76-A4EA-A5BF1E730D6F}.Test|Any CPU.Build.0 = Test|Any CPU
		{AA0CD548-E262-44AB-9AA2-A7ADA6998C99}.Debug|Any CPU.ActiveCfg = Debug|Any CPU
		{AA0CD548-E262-44AB-9AA2-A7ADA6998C99}.Debug|Any CPU.Build.0 = Debug|Any CPU
		{AA0CD548-E262-44AB-9AA2-A7ADA6998C99}.Release|Any CPU.ActiveCfg = Release|Any CPU
		{AA0CD548-E262-44AB-9AA2-A7ADA6998C99}.Release|Any CPU.Build.0 = Release|Any CPU
		{AA0CD548-E262-44AB-9AA2-A7ADA6998C99}.Staging|Any CPU.ActiveCfg = Staging|Any CPU
		{AA0CD548-E262-44AB-9AA2-A7ADA6998C99}.Staging|Any CPU.Build.0 = Staging|Any CPU
		{AA0CD548-E262-44AB-9AA2-A7ADA6998C99}.Test|Any CPU.ActiveCfg = Test|Any CPU
		{AA0CD548-E262-44AB-9AA2-A7ADA6998C99}.Test|Any CPU.Build.0 = Test|Any CPU
		{F390EA4F-93FD-4D14-9D24-DC3152537DD1}.Debug|Any CPU.ActiveCfg = Debug|Any CPU
		{F390EA4F-93FD-4D14-9D24-DC3152537DD1}.Debug|Any CPU.Build.0 = Debug|Any CPU
		{F390EA4F-93FD-4D14-9D24-DC3152537DD1}.Release|Any CPU.ActiveCfg = Release|Any CPU
		{F390EA4F-93FD-4D14-9D24-DC3152537DD1}.Release|Any CPU.Build.0 = Release|Any CPU
		{F390EA4F-93FD-4D14-9D24-DC3152537DD1}.Staging|Any CPU.ActiveCfg = Staging|Any CPU
		{F390EA4F-93FD-4D14-9D24-DC3152537DD1}.Staging|Any CPU.Build.0 = Staging|Any CPU
		{F390EA4F-93FD-4D14-9D24-DC3152537DD1}.Test|Any CPU.ActiveCfg = Test|Any CPU
		{F390EA4F-93FD-4D14-9D24-DC3152537DD1}.Test|Any CPU.Build.0 = Test|Any CPU
	EndGlobalSection
	GlobalSection(SolutionProperties) = preSolution
		HideSolutionNode = FALSE
	EndGlobalSection
	GlobalSection(NestedProjects) = preSolution
		{977C3F06-2918-4747-8658-8B7C9B31E8C2} = {33FDEBCE-A3CE-473E-B246-D561355046ED}
		{FF00D5E5-9581-4047-A5EE-CB968A567EE2} = {33FDEBCE-A3CE-473E-B246-D561355046ED}
		{2EF04E20-6CD8-420D-BAC4-192ECD3F9AD5} = {33FDEBCE-A3CE-473E-B246-D561355046ED}
		{297AC86E-3B54-4E76-A4EA-A5BF1E730D6F} = {33FDEBCE-A3CE-473E-B246-D561355046ED}
		{AA0CD548-E262-44AB-9AA2-A7ADA6998C99} = {33FDEBCE-A3CE-473E-B246-D561355046ED}
		{F390EA4F-93FD-4D14-9D24-DC3152537DD1} = {33FDEBCE-A3CE-473E-B246-D561355046ED}
	EndGlobalSection
EndGlobal
